
Microsoft Visual Studio Solution File, Format Version 12.00
# Visual Studio 2013
VisualStudioVersion = 12.0.30501.0
MinimumVisualStudioVersion = 10.0.40219.1
Project("{FAE04EC0-301F-11D3-BF4B-00C04F79EFBC}") = "LiiteriDataAPI", "LiiteriDataAPI\LiiteriDataAPI.csproj", "{7BC9BFE9-385B-4B51-A30B-93FC432B8BF3}"
EndProject
Project("{FAE04EC0-301F-11D3-BF4B-00C04F79EFBC}") = "ImportTool", "ImportTool\ImportTool.csproj", "{DE73C493-3456-425B-8960-6DC6A9D7279F}"
EndProject
Project("{FAE04EC0-301F-11D3-BF4B-00C04F79EFBC}") = "LiiteriDataTests", "LiiteriDataTests\LiiteriDataTests.csproj", "{71B5052E-80B4-460D-B019-426B40AD6485}"
EndProject
Project("{2150E333-8FDC-42A3-9474-1A3956D46DE8}") = ".nuget", ".nuget", "{D0DE3D5D-425D-4DAA-942C-8E79D7EB0F30}"
	ProjectSection(SolutionItems) = preProject
		.nuget\NuGet.Config = .nuget\NuGet.Config
		.nuget\NuGet.exe = .nuget\NuGet.exe
		.nuget\NuGet.targets = .nuget\NuGet.targets
	EndProjectSection
EndProject
Project("{FAE04EC0-301F-11D3-BF4B-00C04F79EFBC}") = "LiiteriStatisticsCore", "LiiteriStatisticsCore\LiiteriStatisticsCore.csproj", "{741CD9E6-DCF6-4688-8C9D-6560A7038286}"
EndProject
Project("{888888A0-9F3D-457C-B088-3A5042F75D52}") = "ImportTool2", "ImportTool2\ImportTool2.pyproj", "{AD6EB449-F338-4E25-B2A4-10C061FA6D9F}"
EndProject
Global
	GlobalSection(SolutionConfigurationPlatforms) = preSolution
		Debug|Any CPU = Debug|Any CPU
		Release|Any CPU = Release|Any CPU
	EndGlobalSection
	GlobalSection(ProjectConfigurationPlatforms) = postSolution
		{7BC9BFE9-385B-4B51-A30B-93FC432B8BF3}.Debug|Any CPU.ActiveCfg = Debug|Any CPU
		{7BC9BFE9-385B-4B51-A30B-93FC432B8BF3}.Debug|Any CPU.Build.0 = Debug|Any CPU
		{7BC9BFE9-385B-4B51-A30B-93FC432B8BF3}.Release|Any CPU.ActiveCfg = Release|Any CPU
		{7BC9BFE9-385B-4B51-A30B-93FC432B8BF3}.Release|Any CPU.Build.0 = Release|Any CPU
		{DE73C493-3456-425B-8960-6DC6A9D7279F}.Debug|Any CPU.ActiveCfg = Debug|Any CPU
		{DE73C493-3456-425B-8960-6DC6A9D7279F}.Debug|Any CPU.Build.0 = Debug|Any CPU
		{DE73C493-3456-425B-8960-6DC6A9D7279F}.Release|Any CPU.ActiveCfg = Release|Any CPU
		{DE73C493-3456-425B-8960-6DC6A9D7279F}.Release|Any CPU.Build.0 = Release|Any CPU
		{71B5052E-80B4-460D-B019-426B40AD6485}.Debug|Any CPU.ActiveCfg = Debug|Any CPU
		{71B5052E-80B4-460D-B019-426B40AD6485}.Debug|Any CPU.Build.0 = Debug|Any CPU
		{71B5052E-80B4-460D-B019-426B40AD6485}.Release|Any CPU.ActiveCfg = Release|Any CPU
		{71B5052E-80B4-460D-B019-426B40AD6485}.Release|Any CPU.Build.0 = Release|Any CPU
		{741CD9E6-DCF6-4688-8C9D-6560A7038286}.Debug|Any CPU.ActiveCfg = Debug|Any CPU
		{741CD9E6-DCF6-4688-8C9D-6560A7038286}.Debug|Any CPU.Build.0 = Debug|Any CPU
		{741CD9E6-DCF6-4688-8C9D-6560A7038286}.Release|Any CPU.ActiveCfg = Release|Any CPU
		{741CD9E6-DCF6-4688-8C9D-6560A7038286}.Release|Any CPU.Build.0 = Release|Any CPU
		{AD6EB449-F338-4E25-B2A4-10C061FA6D9F}.Debug|Any CPU.ActiveCfg = Debug|Any CPU
		{AD6EB449-F338-4E25-B2A4-10C061FA6D9F}.Release|Any CPU.ActiveCfg = Release|Any CPU
	EndGlobalSection
	GlobalSection(SolutionProperties) = preSolution
		HideSolutionNode = FALSE
	EndGlobalSection
EndGlobal
